{
  "name": "openingtrainer",
  "version": "1.0.0",
  "lockfileVersion": 3,
  "requires": true,
  "packages": {
    "": {
      "name": "openingtrainer",
      "version": "1.0.0",
      "license": "ISC",
      "dependencies": {
        "chess.js": "^1.0.0-beta.5"
      }
    },
    "node_modules/chess.js": {
      "version": "1.0.0-beta.5",
      "resolved": "https://registry.npmjs.org/chess.js/-/chess.js-1.0.0-beta.5.tgz",
      "integrity": "sha512-ZmSBraFoGrLCiC7m5vwPax02KoKFjC+3uQrlDYKoORUi8MY+7qceDXQW1ho0Gt6pylGCzTTTBa6gy55bOXp2Jw=="
    }
  }
}
